{
  "requires": true,
  "lockfileVersion": 1,
  "dependencies": {
    "@types/blueimp-md5": {
      "version": "2.7.0",
      "resolved": "https://registry.npmjs.org/@types/blueimp-md5/-/blueimp-md5-2.7.0.tgz",
      "integrity": "sha1-QEIigGgAR4yieC6K1GWQq6fxRic=",
      "dev": true
    },
    "@types/node": {
      "version": "9.6.31",
      "resolved": "https://registry.npmjs.org/@types/node/-/node-9.6.31.tgz",
      "integrity": "sha512-kIVlvUBizL51ALNMPbmcZoM7quHyB7J6fLRwQe22JsMp39nrVSHdBeVVS3fnQCK1orxI3O8LScmb8cuiihkAfA==",
      "dev": true
    },
    "blueimp-md5": {
      "version": "2.10.0",
      "resolved": "https://registry.npmjs.org/blueimp-md5/-/blueimp-md5-2.10.0.tgz",
      "integrity": "sha512-EkNUOi7tpV68TqjpiUz9D9NcT8um2+qtgntmMbi5UKssVX2m/2PLqotcric0RE63pB3HPN/fjf3cKHN2ufGSUQ==",
      "dev": true
    },
    "translation.js": {
      "version": "0.7.5",
      "resolved": "https://registry.npmjs.org/translation.js/-/translation.js-0.7.5.tgz",
      "integrity": "sha1-l+hx14MYdwkwdz8pf/+0DEIJsFM=",
      "dev": true,
      "requires": {
        "@types/blueimp-md5": "2.7.0",
        "@types/node": "9.6.31",
        "blueimp-md5": "2.10.0",
        "tslib": "1.9.3"
      }
    },
    "tslib": {
      "version": "1.9.3",
      "resolved": "https://registry.npmjs.org/tslib/-/tslib-1.9.3.tgz",
      "integrity": "sha512-4krF8scpejhaOgqzBEcGM7yDIEfi0/8+8zDRZhNZZ2kjmHJ4hv3zCbQWxoJGz1iw5U0Jl0nma13xzHXcncMavQ==",
      "dev": true
    }
  }
}
